
Microsoft Visual Studio Solution File, Format Version 12.00
# Visual Studio Version 17
VisualStudioVersion = 17.9.34622.214
MinimumVisualStudioVersion = 10.0.40219.1
Project("{FAE04EC0-301F-11D3-BF4B-00C04F79EFBC}") = "retoCRUD", "retoCRUD\retoCRUD.csproj", "{06ED637B-D2D8-4F48-AB88-44DC675DF857}"
EndProject
Global
	GlobalSection(SolutionConfigurationPlatforms) = preSolution
		Debug|Any CPU = Debug|Any CPU
		Release|Any CPU = Release|Any CPU
	EndGlobalSection
	GlobalSection(ProjectConfigurationPlatforms) = postSolution
		{06ED637B-D2D8-4F48-AB88-44DC675DF857}.Debug|Any CPU.ActiveCfg = Debug|Any CPU
		{06ED637B-D2D8-4F48-AB88-44DC675DF857}.Debug|Any CPU.Build.0 = Debug|Any CPU
		{06ED637B-D2D8-4F48-AB88-44DC675DF857}.Release|Any CPU.ActiveCfg = Release|Any CPU
		{06ED637B-D2D8-4F48-AB88-44DC675DF857}.Release|Any CPU.Build.0 = Release|Any CPU
	EndGlobalSection
	GlobalSection(SolutionProperties) = preSolution
		HideSolutionNode = FALSE
	EndGlobalSection
	GlobalSection(ExtensibilityGlobals) = postSolution
		SolutionGuid = {63D4170E-1781-436C-8B60-259B0AEA2431}
	EndGlobalSection
EndGlobal
